
Microsoft Visual Studio Solution File, Format Version 12.00
# Visual Studio Version 17
VisualStudioVersion = 17.9.34728.123
MinimumVisualStudioVersion = 10.0.40219.1
Project("{FAE04EC0-301F-11D3-BF4B-00C04F79EFBC}") = "PenCalculator", "PenCalculator\PenCalculator.csproj", "{90415570-9836-47FF-9358-0DE0C8CA26DD}"
EndProject
Global
	GlobalSection(SolutionConfigurationPlatforms) = preSolution
		Debug|Any CPU = Debug|Any CPU
		Release|Any CPU = Release|Any CPU
	EndGlobalSection
	GlobalSection(ProjectConfigurationPlatforms) = postSolution
		{90415570-9836-47FF-9358-0DE0C8CA26DD}.Debug|Any CPU.ActiveCfg = Debug|Any CPU
		{90415570-9836-47FF-9358-0DE0C8CA26DD}.Debug|Any CPU.Build.0 = Debug|Any CPU
		{90415570-9836-47FF-9358-0DE0C8CA26DD}.Release|Any CPU.ActiveCfg = Release|Any CPU
		{90415570-9836-47FF-9358-0DE0C8CA26DD}.Release|Any CPU.Build.0 = Release|Any CPU
	EndGlobalSection
	GlobalSection(SolutionProperties) = preSolution
		HideSolutionNode = FALSE
	EndGlobalSection
	GlobalSection(ExtensibilityGlobals) = postSolution
		SolutionGuid = {CBEB6A94-A4DA-4BF2-A9A1-8BF1DA91ACAF}
	EndGlobalSection
EndGlobal
